// !$*UTF8*$!
{
	archiveVersion = 1;
	classes = {
	};
	objectVersion = 48;
	objects = {

/* Begin PBXBuildFile section */
		70046E682013E0DF00DBBB88 /* SuperViewController.swift in Sources */ = {isa = PBXBuildFile; fileRef = 70046E672013E0DF00DBBB88 /* SuperViewController.swift */; };
		70046EBC2013E7E500DBBB88 /* HomeViewController.swift in Sources */ = {isa = PBXBuildFile; fileRef = 70046EBB2013E7E500DBBB88 /* HomeViewController.swift */; };
		70046EBF2013E88400DBBB88 /* SearchNewsViewController.swift in Sources */ = {isa = PBXBuildFile; fileRef = 70046EBE2013E88400DBBB88 /* SearchNewsViewController.swift */; };
		70046EC12013E91B00DBBB88 /* UploadViewController.swift in Sources */ = {isa = PBXBuildFile; fileRef = 70046EC02013E91B00DBBB88 /* UploadViewController.swift */; };
		70046EC32013E94900DBBB88 /* TagLineViewController.swift in Sources */ = {isa = PBXBuildFile; fileRef = 70046EC22013E94900DBBB88 /* TagLineViewController.swift */; };
		70046ECB2013EBEC00DBBB88 /* Roboto-Thin.ttf in Resources */ = {isa = PBXBuildFile; fileRef = 70046EC62013EBEB00DBBB88 /* Roboto-Thin.ttf */; };
		70046ECC2013EBEC00DBBB88 /* Roboto-Light.ttf in Resources */ = {isa = PBXBuildFile; fileRef = 70046EC72013EBEB00DBBB88 /* Roboto-Light.ttf */; };
		70046ECD2013EBEC00DBBB88 /* Roboto-Medium.ttf in Resources */ = {isa = PBXBuildFile; fileRef = 70046EC82013EBEB00DBBB88 /* Roboto-Medium.ttf */; };
		70046ECE2013EBEC00DBBB88 /* Roboto-Bold.ttf in Resources */ = {isa = PBXBuildFile; fileRef = 70046EC92013EBEB00DBBB88 /* Roboto-Bold.ttf */; };
		70046ECF2013EBEC00DBBB88 /* Roboto-Regular.ttf in Resources */ = {isa = PBXBuildFile; fileRef = 70046ECA2013EBEC00DBBB88 /* Roboto-Regular.ttf */; };
		701DC9AD20164F720020103D /* ImageNewsTableViewCell.swift in Sources */ = {isa = PBXBuildFile; fileRef = 701DC9AB20164F710020103D /* ImageNewsTableViewCell.swift */; };
		701DC9AE20164F720020103D /* ImageNewsTableViewCell.xib in Resources */ = {isa = PBXBuildFile; fileRef = 701DC9AC20164F710020103D /* ImageNewsTableViewCell.xib */; };
		701DC9B8201653360020103D /* GenericButton.swift in Sources */ = {isa = PBXBuildFile; fileRef = 701DC9B1201653360020103D /* GenericButton.swift */; };
		701DC9B9201653360020103D /* GenericImageView.swift in Sources */ = {isa = PBXBuildFile; fileRef = 701DC9B2201653360020103D /* GenericImageView.swift */; };
		701DC9BA201653360020103D /* GenericLabel.swift in Sources */ = {isa = PBXBuildFile; fileRef = 701DC9B3201653360020103D /* GenericLabel.swift */; };
		701DC9BB201653360020103D /* GenericTextField.swift in Sources */ = {isa = PBXBuildFile; fileRef = 701DC9B4201653360020103D /* GenericTextField.swift */; };
		701DC9BC201653360020103D /* GenericTextView.swift in Sources */ = {isa = PBXBuildFile; fileRef = 701DC9B5201653360020103D /* GenericTextView.swift */; };
		701DC9BD201653360020103D /* GenericView.swift in Sources */ = {isa = PBXBuildFile; fileRef = 701DC9B6201653360020103D /* GenericView.swift */; };
		701DC9C0201659D40020103D /* ishu.jpg in Resources */ = {isa = PBXBuildFile; fileRef = 701DC9BF201659D40020103D /* ishu.jpg */; };
		7021898E2045C526002B6426 /* NotificationSettingViewController.swift in Sources */ = {isa = PBXBuildFile; fileRef = 7021898D2045C526002B6426 /* NotificationSettingViewController.swift */; };
		702189902045C9E0002B6426 /* NotificationSettingTableViewCell.swift in Sources */ = {isa = PBXBuildFile; fileRef = 7021898F2045C9E0002B6426 /* NotificationSettingTableViewCell.swift */; };
		70219476204716C800CACF55 /* CommentViewController.swift in Sources */ = {isa = PBXBuildFile; fileRef = 70219475204716C800CACF55 /* CommentViewController.swift */; };
		7021EC2A20373A9F003B2186 /* ActiveBuilder.swift in Sources */ = {isa = PBXBuildFile; fileRef = 7021EC2320373A9F003B2186 /* ActiveBuilder.swift */; };
		7021EC2B20373A9F003B2186 /* ActiveLabel.swift in Sources */ = {isa = PBXBuildFile; fileRef = 7021EC2520373A9F003B2186 /* ActiveLabel.swift */; };
		7021EC2C20373A9F003B2186 /* ActiveType.swift in Sources */ = {isa = PBXBuildFile; fileRef = 7021EC2620373A9F003B2186 /* ActiveType.swift */; };
		7021EC2D20373A9F003B2186 /* Info.plist in Resources */ = {isa = PBXBuildFile; fileRef = 7021EC2720373A9F003B2186 /* Info.plist */; };
		7021EC2E20373A9F003B2186 /* RegexParser.swift in Sources */ = {isa = PBXBuildFile; fileRef = 7021EC2820373A9F003B2186 /* RegexParser.swift */; };
		7021EC2F20373A9F003B2186 /* StringTrimExtension.swift in Sources */ = {isa = PBXBuildFile; fileRef = 7021EC2920373A9F003B2186 /* StringTrimExtension.swift */; };
		7021EC3220374678003B2186 /* CustomTabBarController.swift in Sources */ = {isa = PBXBuildFile; fileRef = 7021EC3120374678003B2186 /* CustomTabBarController.swift */; };
		7022C265202A182800D4EDF0 /* OptionView.xib in Resources */ = {isa = PBXBuildFile; fileRef = 7022C264202A182800D4EDF0 /* OptionView.xib */; };
		7022C267202A184B00D4EDF0 /* OptionView.swift in Sources */ = {isa = PBXBuildFile; fileRef = 7022C266202A184B00D4EDF0 /* OptionView.swift */; };
		7022CDEF203C935F00BA2810 /* SuggesstionTableViewCell.swift in Sources */ = {isa = PBXBuildFile; fileRef = 7022CDEE203C935F00BA2810 /* SuggesstionTableViewCell.swift */; };
		70233D4420411E0F00511CFB /* CropImageViewController.swift in Sources */ = {isa = PBXBuildFile; fileRef = 70233D4320411E0F00511CFB /* CropImageViewController.swift */; };
		70233D46204133D700511CFB /* BookmarkListViewController.swift in Sources */ = {isa = PBXBuildFile; fileRef = 70233D45204133D700511CFB /* BookmarkListViewController.swift */; };
		70233D48204149AE00511CFB /* LikedNewsViewController.swift in Sources */ = {isa = PBXBuildFile; fileRef = 70233D47204149AE00511CFB /* LikedNewsViewController.swift */; };
		70233D4A2041794C00511CFB /* SignInRequiredPop.swift in Sources */ = {isa = PBXBuildFile; fileRef = 70233D492041794C00511CFB /* SignInRequiredPop.swift */; };
		70233D4C2041796900511CFB /* SignInRequiredPop.xib in Resources */ = {isa = PBXBuildFile; fileRef = 70233D4B2041796900511CFB /* SignInRequiredPop.xib */; };
		70233D4E20419C2400511CFB /* LoginViewController.swift in Sources */ = {isa = PBXBuildFile; fileRef = 70233D4D20419C2400511CFB /* LoginViewController.swift */; };
		70233D512041B14C00511CFB /* RegisterViewController.swift in Sources */ = {isa = PBXBuildFile; fileRef = 70233D502041B14C00511CFB /* RegisterViewController.swift */; };
		70233D532041E05A00511CFB /* ForgotPasswordViewController.swift in Sources */ = {isa = PBXBuildFile; fileRef = 70233D522041E05A00511CFB /* ForgotPasswordViewController.swift */; };
		7023855F20124BB90070A97C /* AppDelegate.swift in Sources */ = {isa = PBXBuildFile; fileRef = 7023855E20124BB90070A97C /* AppDelegate.swift */; };
		7023856420124BB90070A97C /* Main.storyboard in Resources */ = {isa = PBXBuildFile; fileRef = 7023856220124BB90070A97C /* Main.storyboard */; };
		7023856620124BB90070A97C /* Assets.xcassets in Resources */ = {isa = PBXBuildFile; fileRef = 7023856520124BB90070A97C /* Assets.xcassets */; };
		7023856920124BB90070A97C /* LaunchScreen.storyboard in Resources */ = {isa = PBXBuildFile; fileRef = 7023856720124BB90070A97C /* LaunchScreen.storyboard */; };
		70252CDB20277A4B00E6E74A /* SearchNewsCollectionViewCell.swift in Sources */ = {isa = PBXBuildFile; fileRef = 70252CDA20277A4B00E6E74A /* SearchNewsCollectionViewCell.swift */; };
		702810CC201BA38300E55E1A /* ImageCollectionViewCell.swift in Sources */ = {isa = PBXBuildFile; fileRef = 702810CA201BA38300E55E1A /* ImageCollectionViewCell.swift */; };
		702810CD201BA38300E55E1A /* ImageCollectionViewCell.xib in Resources */ = {isa = PBXBuildFile; fileRef = 702810CB201BA38300E55E1A /* ImageCollectionViewCell.xib */; };
		70281119201BAD4F00E55E1A /* TextNewsTableViewCell.swift in Sources */ = {isa = PBXBuildFile; fileRef = 70281117201BAD4F00E55E1A /* TextNewsTableViewCell.swift */; };
		7028111A201BAD4F00E55E1A /* TextNewsTableViewCell.xib in Resources */ = {isa = PBXBuildFile; fileRef = 70281118201BAD4F00E55E1A /* TextNewsTableViewCell.xib */; };
		7028111C201BB2F300E55E1A /* ajinkya-rahane_.jpg in Resources */ = {isa = PBXBuildFile; fileRef = 7028111B201BB2F300E55E1A /* ajinkya-rahane_.jpg */; };
		7028111F201BDD5200E55E1A /* NewsDetailsCollectionViewCell.swift in Sources */ = {isa = PBXBuildFile; fileRef = 7028111D201BDD5200E55E1A /* NewsDetailsCollectionViewCell.swift */; };
		70281148201BE95B00E55E1A /* MILoader.swift in Sources */ = {isa = PBXBuildFile; fileRef = 70281123201BE95A00E55E1A /* MILoader.swift */; };
		70281149201BE95B00E55E1A /* MIPopUpOverlay.swift in Sources */ = {isa = PBXBuildFile; fileRef = 70281124201BE95A00E55E1A /* MIPopUpOverlay.swift */; };
		7028114A201BE95B00E55E1A /* MIPopUpOverlay.xib in Resources */ = {isa = PBXBuildFile; fileRef = 70281125201BE95A00E55E1A /* MIPopUpOverlay.xib */; };
		7028114B201BE95B00E55E1A /* MIToastAlert.swift in Sources */ = {isa = PBXBuildFile; fileRef = 70281126201BE95A00E55E1A /* MIToastAlert.swift */; };
		7028114C201BE95B00E55E1A /* AutoLayout.swift in Sources */ = {isa = PBXBuildFile; fileRef = 70281128201BE95A00E55E1A /* AutoLayout.swift */; };
		7028114D201BE95B00E55E1A /* CoreData.swift in Sources */ = {isa = PBXBuildFile; fileRef = 7028112A201BE95A00E55E1A /* CoreData.swift */; };
		7028114E201BE95B00E55E1A /* CoreDataContext+Extension.swift in Sources */ = {isa = PBXBuildFile; fileRef = 7028112B201BE95A00E55E1A /* CoreDataContext+Extension.swift */; };
		7028114F201BE95B00E55E1A /* CoreDataObject+Extension.swift in Sources */ = {isa = PBXBuildFile; fileRef = 7028112C201BE95A00E55E1A /* CoreDataObject+Extension.swift */; };
		70281150201BE95B00E55E1A /* FetchResultController+Extension.swift in Sources */ = {isa = PBXBuildFile; fileRef = 7028112D201BE95A00E55E1A /* FetchResultController+Extension.swift */; };
		70281151201BE95B00E55E1A /* ExetensionFloat.swift in Sources */ = {isa = PBXBuildFile; fileRef = 7028112F201BE95A00E55E1A /* ExetensionFloat.swift */; };
		70281152201BE95B00E55E1A /* ExtensionArray.swift in Sources */ = {isa = PBXBuildFile; fileRef = 70281130201BE95A00E55E1A /* ExtensionArray.swift */; };
		70281153201BE95B00E55E1A /* ExtensionDate.swift in Sources */ = {isa = PBXBuildFile; fileRef = 70281131201BE95A00E55E1A /* ExtensionDate.swift */; };
		70281154201BE95B00E55E1A /* ExtensionDictionary.swift in Sources */ = {isa = PBXBuildFile; fileRef = 70281132201BE95A00E55E1A /* ExtensionDictionary.swift */; };
		70281155201BE95B00E55E1A /* ExtensionDouble.swift in Sources */ = {isa = PBXBuildFile; fileRef = 70281133201BE95A00E55E1A /* ExtensionDouble.swift */; };
		70281156201BE95B00E55E1A /* ExtensionInt.swift in Sources */ = {isa = PBXBuildFile; fileRef = 70281134201BE95A00E55E1A /* ExtensionInt.swift */; };
		70281157201BE95B00E55E1A /* ExtensionNSObject.swift in Sources */ = {isa = PBXBuildFile; fileRef = 70281135201BE95A00E55E1A /* ExtensionNSObject.swift */; };
		70281158201BE95B00E55E1A /* ExtensionString.swift in Sources */ = {isa = PBXBuildFile; fileRef = 70281136201BE95A00E55E1A /* ExtensionString.swift */; };
		70281159201BE95B00E55E1A /* ExtensionUIApplication.swift in Sources */ = {isa = PBXBuildFile; fileRef = 70281137201BE95A00E55E1A /* ExtensionUIApplication.swift */; };
		7028115A201BE95B00E55E1A /* ExtensionUIBarButtonItem.swift in Sources */ = {isa = PBXBuildFile; fileRef = 70281138201BE95A00E55E1A /* ExtensionUIBarButtonItem.swift */; };
		7028115B201BE95B00E55E1A /* ExtensionUIButton.swift in Sources */ = {isa = PBXBuildFile; fileRef = 70281139201BE95A00E55E1A /* ExtensionUIButton.swift */; };
		7028115C201BE95B00E55E1A /* ExtensionUIColor.swift in Sources */ = {isa = PBXBuildFile; fileRef = 7028113A201BE95A00E55E1A /* ExtensionUIColor.swift */; };
		7028115D201BE95B00E55E1A /* ExtensionUIImage.swift in Sources */ = {isa = PBXBuildFile; fileRef = 7028113B201BE95A00E55E1A /* ExtensionUIImage.swift */; };
		7028115E201BE95B00E55E1A /* ExtensionUIImageView.swift in Sources */ = {isa = PBXBuildFile; fileRef = 7028113C201BE95A00E55E1A /* ExtensionUIImageView.swift */; };
		7028115F201BE95B00E55E1A /* ExtensionUINavigationController.swift in Sources */ = {isa = PBXBuildFile; fileRef = 7028113D201BE95A00E55E1A /* ExtensionUINavigationController.swift */; };
		70281160201BE95B00E55E1A /* ExtensionUIResponder.swift in Sources */ = {isa = PBXBuildFile; fileRef = 7028113E201BE95A00E55E1A /* ExtensionUIResponder.swift */; };
		70281161201BE95B00E55E1A /* ExtensionUITextField.swift in Sources */ = {isa = PBXBuildFile; fileRef = 7028113F201BE95A00E55E1A /* ExtensionUITextField.swift */; };
		70281162201BE95B00E55E1A /* ExtensionUITextView.swift in Sources */ = {isa = PBXBuildFile; fileRef = 70281140201BE95A00E55E1A /* ExtensionUITextView.swift */; };
		70281163201BE95B00E55E1A /* ExtensionUIView.swift in Sources */ = {isa = PBXBuildFile; fileRef = 70281141201BE95A00E55E1A /* ExtensionUIView.swift */; };
		70281164201BE95B00E55E1A /* ExtensionUIViewController.swift in Sources */ = {isa = PBXBuildFile; fileRef = 70281142201BE95A00E55E1A /* ExtensionUIViewController.swift */; };
		70281165201BE95B00E55E1A /* ExtensionURL.swift in Sources */ = {isa = PBXBuildFile; fileRef = 70281143201BE95A00E55E1A /* ExtensionURL.swift */; };
		70281166201BE95B00E55E1A /* MIKeyboardManager.swift in Sources */ = {isa = PBXBuildFile; fileRef = 70281144201BE95A00E55E1A /* MIKeyboardManager.swift */; };
		70281167201BE95B00E55E1A /* Localization.swift in Sources */ = {isa = PBXBuildFile; fileRef = 70281146201BE95A00E55E1A /* Localization.swift */; };
		70281168201BE95B00E55E1A /* MasterConstant.swift in Sources */ = {isa = PBXBuildFile; fileRef = 70281147201BE95A00E55E1A /* MasterConstant.swift */; };
		7028749F202A233700C325D5 /* OptionTableViewCell.swift in Sources */ = {isa = PBXBuildFile; fileRef = 7028749D202A233700C325D5 /* OptionTableViewCell.swift */; };
		702874A0202A233700C325D5 /* OptionTableViewCell.xib in Resources */ = {isa = PBXBuildFile; fileRef = 7028749E202A233700C325D5 /* OptionTableViewCell.xib */; };
		702D21EB20334BE3009EA434 /* TapableLabel.swift in Sources */ = {isa = PBXBuildFile; fileRef = 702D21EA20334BE3009EA434 /* TapableLabel.swift */; };
		702D21F02035EF0F009EA434 /* BubbleCollectionViewCell.swift in Sources */ = {isa = PBXBuildFile; fileRef = 702D21EE2035EF0F009EA434 /* BubbleCollectionViewCell.swift */; };
		702D21F32035F33B009EA434 /* CollectionViewBubbleLayout.swift in Sources */ = {isa = PBXBuildFile; fileRef = 702D21F22035F33B009EA434 /* CollectionViewBubbleLayout.swift */; };
		702E21E22020D70A00FDCEB9 /* TagLineTableViewCell.swift in Sources */ = {isa = PBXBuildFile; fileRef = 702E21E02020D70A00FDCEB9 /* TagLineTableViewCell.swift */; };
		702E21E32020D70A00FDCEB9 /* TagLineTableViewCell.xib in Resources */ = {isa = PBXBuildFile; fileRef = 702E21E12020D70A00FDCEB9 /* TagLineTableViewCell.xib */; };
		702E21E52020F2A400FDCEB9 /* BookmarkDetailsViewController.swift in Sources */ = {isa = PBXBuildFile; fileRef = 702E21E42020F2A400FDCEB9 /* BookmarkDetailsViewController.swift */; };
		703C70762041E3C7002C9F3E /* TermsAncConditionViewController.swift in Sources */ = {isa = PBXBuildFile; fileRef = 703C70752041E3C7002C9F3E /* TermsAncConditionViewController.swift */; };
		703C70782041EAC7002C9F3E /* ChangePasswordViewController.swift in Sources */ = {isa = PBXBuildFile; fileRef = 703C70772041EAC7002C9F3E /* ChangePasswordViewController.swift */; };
		703C707A2041F360002C9F3E /* EditProfileViewController.swift in Sources */ = {isa = PBXBuildFile; fileRef = 703C70792041F360002C9F3E /* EditProfileViewController.swift */; };
		703EF867201CF75700FEE3D7 /* ProfileTableViewCell.swift in Sources */ = {isa = PBXBuildFile; fileRef = 703EF865201CF75700FEE3D7 /* ProfileTableViewCell.swift */; };
		703EF868201CF75700FEE3D7 /* ProfileTableViewCell.xib in Resources */ = {isa = PBXBuildFile; fileRef = 703EF866201CF75700FEE3D7 /* ProfileTableViewCell.xib */; };
		703EF86F201D001000FEE3D7 /* Montserrat-SemiBold.ttf in Resources */ = {isa = PBXBuildFile; fileRef = 703EF869201D000F00FEE3D7 /* Montserrat-SemiBold.ttf */; };
		703EF870201D001000FEE3D7 /* Montserrat-Regular.ttf in Resources */ = {isa = PBXBuildFile; fileRef = 703EF86A201D000F00FEE3D7 /* Montserrat-Regular.ttf */; };
		703EF871201D001000FEE3D7 /* Montserrat-Bold.ttf in Resources */ = {isa = PBXBuildFile; fileRef = 703EF86B201D000F00FEE3D7 /* Montserrat-Bold.ttf */; };
		703EF872201D001000FEE3D7 /* Montserrat-Black.ttf in Resources */ = {isa = PBXBuildFile; fileRef = 703EF86C201D000F00FEE3D7 /* Montserrat-Black.ttf */; };
		703EF873201D001000FEE3D7 /* Montserrat-Light.ttf in Resources */ = {isa = PBXBuildFile; fileRef = 703EF86D201D001000FEE3D7 /* Montserrat-Light.ttf */; };
		703EF874201D001000FEE3D7 /* Montserrat-Medium.ttf in Resources */ = {isa = PBXBuildFile; fileRef = 703EF86E201D001000FEE3D7 /* Montserrat-Medium.ttf */; };
		703EF876201D0D4E00FEE3D7 /* AccountViewController.swift in Sources */ = {isa = PBXBuildFile; fileRef = 703EF875201D0D4E00FEE3D7 /* AccountViewController.swift */; };
		703EF87C201F747F00FEE3D7 /* SettingsViewController.swift in Sources */ = {isa = PBXBuildFile; fileRef = 703EF87B201F747F00FEE3D7 /* SettingsViewController.swift */; };
		703EF87F201F77AB00FEE3D7 /* SettingsTableViewCell.swift in Sources */ = {isa = PBXBuildFile; fileRef = 703EF87D201F77AB00FEE3D7 /* SettingsTableViewCell.swift */; };
		703EF880201F77AB00FEE3D7 /* SettingsTableViewCell.xib in Resources */ = {isa = PBXBuildFile; fileRef = 703EF87E201F77AB00FEE3D7 /* SettingsTableViewCell.xib */; };
		709D8EE52013F0BE00764F4E /* NewsDetailsViewController.swift in Sources */ = {isa = PBXBuildFile; fileRef = 709D8EE42013F0BE00764F4E /* NewsDetailsViewController.swift */; };
		709D8F282013F62000764F4E /* APIRequest.swift in Sources */ = {isa = PBXBuildFile; fileRef = 709D8F252013F62000764F4E /* APIRequest.swift */; };
		709D8F292013F62000764F4E /* ApplicationConstant.swift in Sources */ = {isa = PBXBuildFile; fileRef = 709D8F262013F62000764F4E /* ApplicationConstant.swift */; };
		709D8F2A2013F62000764F4E /* MessagesConstant.swift in Sources */ = {isa = PBXBuildFile; fileRef = 709D8F272013F62000764F4E /* MessagesConstant.swift */; };
		8A931788E0F1FF4C4F977DD6 /* Pods_MyApp.framework in Frameworks */ = {isa = PBXBuildFile; fileRef = B9A67D1A87AC4071784F3D7A /* Pods_MyApp.framework */; };
/* End PBXBuildFile section */

/* Begin PBXFileReference section */
		1CFA901ECF5E05998048025C /* Pods-MyApp.release.xcconfig */ = {isa = PBXFileReference; includeInIndex = 1; lastKnownFileType = text.xcconfig; name = "Pods-MyApp.release.xcconfig"; path = "Pods/Target Support Files/Pods-MyApp/Pods-MyApp.release.xcconfig"; sourceTree = "<group>"; };
		70046E672013E0DF00DBBB88 /* SuperViewController.swift */ = {isa = PBXFileReference; lastKnownFileType = sourcecode.swift; path = SuperViewController.swift; sourceTree = "<group>"; };
		70046EBB2013E7E500DBBB88 /* HomeViewController.swift */ = {isa = PBXFileReference; lastKnownFileType = sourcecode.swift; path = HomeViewController.swift; sourceTree = "<group>"; };
		70046EBE2013E88400DBBB88 /* SearchNewsViewController.swift */ = {isa = PBXFileReference; lastKnownFileType = sourcecode.swift; path = SearchNewsViewController.swift; sourceTree = "<group>"; };
		70046EC02013E91B00DBBB88 /* UploadViewController.swift */ = {isa = PBXFileReference; lastKnownFileType = sourcecode.swift; path = UploadViewController.swift; sourceTree = "<group>"; };
		70046EC22013E94900DBBB88 /* TagLineViewController.swift */ = {isa = PBXFileReference; lastKnownFileType = sourcecode.swift; path = TagLineViewController.swift; sourceTree = "<group>"; };
		70046EC62013EBEB00DBBB88 /* Roboto-Thin.ttf */ = {isa = PBXFileReference; lastKnownFileType = file; path = "Roboto-Thin.ttf"; sourceTree = "<group>"; };
		70046EC72013EBEB00DBBB88 /* Roboto-Light.ttf */ = {isa = PBXFileReference; lastKnownFileType = file; path = "Roboto-Light.ttf"; sourceTree = "<group>"; };
		70046EC82013EBEB00DBBB88 /* Roboto-Medium.ttf */ = {isa = PBXFileReference; lastKnownFileType = file; path = "Roboto-Medium.ttf"; sourceTree = "<group>"; };
		70046EC92013EBEB00DBBB88 /* Roboto-Bold.ttf */ = {isa = PBXFileReference; lastKnownFileType = file; path = "Roboto-Bold.ttf"; sourceTree = "<group>"; };
		70046ECA2013EBEC00DBBB88 /* Roboto-Regular.ttf */ = {isa = PBXFileReference; lastKnownFileType = file; path = "Roboto-Regular.ttf"; sourceTree = "<group>"; };
		701DC9AB20164F710020103D /* ImageNewsTableViewCell.swift */ = {isa = PBXFileReference; fileEncoding = 4; lastKnownFileType = sourcecode.swift; path = ImageNewsTableViewCell.swift; sourceTree = "<group>"; };
		701DC9AC20164F710020103D /* ImageNewsTableViewCell.xib */ = {isa = PBXFileReference; fileEncoding = 4; lastKnownFileType = file.xib; path = ImageNewsTableViewCell.xib; sourceTree = "<group>"; };
		701DC9B1201653360020103D /* GenericButton.swift */ = {isa = PBXFileReference; fileEncoding = 4; lastKnownFileType = sourcecode.swift; path = GenericButton.swift; sourceTree = "<group>"; };
		701DC9B2201653360020103D /* GenericImageView.swift */ = {isa = PBXFileReference; fileEncoding = 4; lastKnownFileType = sourcecode.swift; path = GenericImageView.swift; sourceTree = "<group>"; };
		701DC9B3201653360020103D /* GenericLabel.swift */ = {isa = PBXFileReference; fileEncoding = 4; lastKnownFileType = sourcecode.swift; path = GenericLabel.swift; sourceTree = "<group>"; };
		701DC9B4201653360020103D /* GenericTextField.swift */ = {isa = PBXFileReference; fileEncoding = 4; lastKnownFileType = sourcecode.swift; path = GenericTextField.swift; sourceTree = "<group>"; };
		701DC9B5201653360020103D /* GenericTextView.swift */ = {isa = PBXFileReference; fileEncoding = 4; lastKnownFileType = sourcecode.swift; path = GenericTextView.swift; sourceTree = "<group>"; };
		701DC9B6201653360020103D /* GenericView.swift */ = {isa = PBXFileReference; fileEncoding = 4; lastKnownFileType = sourcecode.swift; path = GenericView.swift; sourceTree = "<group>"; };
		701DC9BF201659D40020103D /* ishu.jpg */ = {isa = PBXFileReference; lastKnownFileType = image.jpeg; path = ishu.jpg; sourceTree = "<group>"; };
		7021898D2045C526002B6426 /* NotificationSettingViewController.swift */ = {isa = PBXFileReference; lastKnownFileType = sourcecode.swift; path = NotificationSettingViewController.swift; sourceTree = "<group>"; };
		7021898F2045C9E0002B6426 /* NotificationSettingTableViewCell.swift */ = {isa = PBXFileReference; lastKnownFileType = sourcecode.swift; path = NotificationSettingTableViewCell.swift; sourceTree = "<group>"; };
		70219475204716C800CACF55 /* CommentViewController.swift */ = {isa = PBXFileReference; lastKnownFileType = sourcecode.swift; path = CommentViewController.swift; sourceTree = "<group>"; };
		7021EC2320373A9F003B2186 /* ActiveBuilder.swift */ = {isa = PBXFileReference; fileEncoding = 4; lastKnownFileType = sourcecode.swift; path = ActiveBuilder.swift; sourceTree = "<group>"; };
		7021EC2420373A9F003B2186 /* ActiveLabel.h */ = {isa = PBXFileReference; fileEncoding = 4; lastKnownFileType = sourcecode.c.h; path = ActiveLabel.h; sourceTree = "<group>"; };
		7021EC2520373A9F003B2186 /* ActiveLabel.swift */ = {isa = PBXFileReference; fileEncoding = 4; lastKnownFileType = sourcecode.swift; path = ActiveLabel.swift; sourceTree = "<group>"; };
		7021EC2620373A9F003B2186 /* ActiveType.swift */ = {isa = PBXFileReference; fileEncoding = 4; lastKnownFileType = sourcecode.swift; path = ActiveType.swift; sourceTree = "<group>"; };
		7021EC2720373A9F003B2186 /* Info.plist */ = {isa = PBXFileReference; fileEncoding = 4; lastKnownFileType = text.plist.xml; path = Info.plist; sourceTree = "<group>"; };
		7021EC2820373A9F003B2186 /* RegexParser.swift */ = {isa = PBXFileReference; fileEncoding = 4; lastKnownFileType = sourcecode.swift; path = RegexParser.swift; sourceTree = "<group>"; };
		7021EC2920373A9F003B2186 /* StringTrimExtension.swift */ = {isa = PBXFileReference; fileEncoding = 4; lastKnownFileType = sourcecode.swift; path = StringTrimExtension.swift; sourceTree = "<group>"; };
		7021EC3120374678003B2186 /* CustomTabBarController.swift */ = {isa = PBXFileReference; lastKnownFileType = sourcecode.swift; path = CustomTabBarController.swift; sourceTree = "<group>"; };
		7022C264202A182800D4EDF0 /* OptionView.xib */ = {isa = PBXFileReference; lastKnownFileType = file.xib; path = OptionView.xib; sourceTree = "<group>"; };
		7022C266202A184B00D4EDF0 /* OptionView.swift */ = {isa = PBXFileReference; lastKnownFileType = sourcecode.swift; path = OptionView.swift; sourceTree = "<group>"; };
		7022CDEE203C935F00BA2810 /* SuggesstionTableViewCell.swift */ = {isa = PBXFileReference; lastKnownFileType = sourcecode.swift; path = SuggesstionTableViewCell.swift; sourceTree = "<group>"; };
		70233D4320411E0F00511CFB /* CropImageViewController.swift */ = {isa = PBXFileReference; fileEncoding = 4; lastKnownFileType = sourcecode.swift; path = CropImageViewController.swift; sourceTree = "<group>"; };
		70233D45204133D700511CFB /* BookmarkListViewController.swift */ = {isa = PBXFileReference; lastKnownFileType = sourcecode.swift; path = BookmarkListViewController.swift; sourceTree = "<group>"; };
		70233D47204149AE00511CFB /* LikedNewsViewController.swift */ = {isa = PBXFileReference; lastKnownFileType = sourcecode.swift; path = LikedNewsViewController.swift; sourceTree = "<group>"; };
		70233D492041794C00511CFB /* SignInRequiredPop.swift */ = {isa = PBXFileReference; lastKnownFileType = sourcecode.swift; path = SignInRequiredPop.swift; sourceTree = "<group>"; };
		70233D4B2041796900511CFB /* SignInRequiredPop.xib */ = {isa = PBXFileReference; lastKnownFileType = file.xib; path = SignInRequiredPop.xib; sourceTree = "<group>"; };
		70233D4D20419C2400511CFB /* LoginViewController.swift */ = {isa = PBXFileReference; lastKnownFileType = sourcecode.swift; path = LoginViewController.swift; sourceTree = "<group>"; };
		70233D502041B14C00511CFB /* RegisterViewController.swift */ = {isa = PBXFileReference; lastKnownFileType = sourcecode.swift; path = RegisterViewController.swift; sourceTree = "<group>"; };
		70233D522041E05A00511CFB /* ForgotPasswordViewController.swift */ = {isa = PBXFileReference; lastKnownFileType = sourcecode.swift; path = ForgotPasswordViewController.swift; sourceTree = "<group>"; };
		7023855B20124BB90070A97C /* MyApp.app */ = {isa = PBXFileReference; explicitFileType = wrapper.application; includeInIndex = 0; path = MyApp.app; sourceTree = BUILT_PRODUCTS_DIR; };
		7023855E20124BB90070A97C /* AppDelegate.swift */ = {isa = PBXFileReference; lastKnownFileType = sourcecode.swift; path = AppDelegate.swift; sourceTree = "<group>"; };
		7023856320124BB90070A97C /* Base */ = {isa = PBXFileReference; lastKnownFileType = file.storyboard; name = Base; path = Base.lproj/Main.storyboard; sourceTree = "<group>"; };
		7023856520124BB90070A97C /* Assets.xcassets */ = {isa = PBXFileReference; lastKnownFileType = folder.assetcatalog; path = Assets.xcassets; sourceTree = "<group>"; };
		7023856820124BB90070A97C /* Base */ = {isa = PBXFileReference; lastKnownFileType = file.storyboard; name = Base; path = Base.lproj/LaunchScreen.storyboard; sourceTree = "<group>"; };
		7023856A20124BB90070A97C /* Info.plist */ = {isa = PBXFileReference; lastKnownFileType = text.plist.xml; path = Info.plist; sourceTree = "<group>"; };
		70252CDA20277A4B00E6E74A /* SearchNewsCollectionViewCell.swift */ = {isa = PBXFileReference; lastKnownFileType = sourcecode.swift; path = SearchNewsCollectionViewCell.swift; sourceTree = "<group>"; };
		702810CA201BA38300E55E1A /* ImageCollectionViewCell.swift */ = {isa = PBXFileReference; lastKnownFileType = sourcecode.swift; path = ImageCollectionViewCell.swift; sourceTree = "<group>"; };
		702810CB201BA38300E55E1A /* ImageCollectionViewCell.xib */ = {isa = PBXFileReference; lastKnownFileType = file.xib; path = ImageCollectionViewCell.xib; sourceTree = "<group>"; };
		70281117201BAD4F00E55E1A /* TextNewsTableViewCell.swift */ = {isa = PBXFileReference; lastKnownFileType = sourcecode.swift; path = TextNewsTableViewCell.swift; sourceTree = "<group>"; };
		70281118201BAD4F00E55E1A /* TextNewsTableViewCell.xib */ = {isa = PBXFileReference; lastKnownFileType = file.xib; path = TextNewsTableViewCell.xib; sourceTree = "<group>"; };
		7028111B201BB2F300E55E1A /* ajinkya-rahane_.jpg */ = {isa = PBXFileReference; lastKnownFileType = image.jpeg; path = "ajinkya-rahane_.jpg"; sourceTree = "<group>"; };
		7028111D201BDD5200E55E1A /* NewsDetailsCollectionViewCell.swift */ = {isa = PBXFileReference; lastKnownFileType = sourcecode.swift; path = NewsDetailsCollectionViewCell.swift; sourceTree = "<group>"; };
		70281123201BE95A00E55E1A /* MILoader.swift */ = {isa = PBXFileReference; fileEncoding = 4; lastKnownFileType = sourcecode.swift; path = MILoader.swift; sourceTree = "<group>"; };
		70281124201BE95A00E55E1A /* MIPopUpOverlay.swift */ = {isa = PBXFileReference; fileEncoding = 4; lastKnownFileType = sourcecode.swift; path = MIPopUpOverlay.swift; sourceTree = "<group>"; };
		70281125201BE95A00E55E1A /* MIPopUpOverlay.xib */ = {isa = PBXFileReference; fileEncoding = 4; lastKnownFileType = file.xib; path = MIPopUpOverlay.xib; sourceTree = "<group>"; };
		70281126201BE95A00E55E1A /* MIToastAlert.swift */ = {isa = PBXFileReference; fileEncoding = 4; lastKnownFileType = sourcecode.swift; path = MIToastAlert.swift; sourceTree = "<group>"; };
		70281128201BE95A00E55E1A /* AutoLayout.swift */ = {isa = PBXFileReference; fileEncoding = 4; lastKnownFileType = sourcecode.swift; path = AutoLayout.swift; sourceTree = "<group>"; };
		7028112A201BE95A00E55E1A /* CoreData.swift */ = {isa = PBXFileReference; fileEncoding = 4; lastKnownFileType = sourcecode.swift; path = CoreData.swift; sourceTree = "<group>"; };
		7028112B201BE95A00E55E1A /* CoreDataContext+Extension.swift */ = {isa = PBXFileReference; fileEncoding = 4; lastKnownFileType = sourcecode.swift; path = "CoreDataContext+Extension.swift"; sourceTree = "<group>"; };
		7028112C201BE95A00E55E1A /* CoreDataObject+Extension.swift */ = {isa = PBXFileReference; fileEncoding = 4; lastKnownFileType = sourcecode.swift; path = "CoreDataObject+Extension.swift"; sourceTree = "<group>"; };
		7028112D201BE95A00E55E1A /* FetchResultController+Extension.swift */ = {isa = PBXFileReference; fileEncoding = 4; lastKnownFileType = sourcecode.swift; path = "FetchResultController+Extension.swift"; sourceTree = "<group>"; };
		7028112F201BE95A00E55E1A /* ExetensionFloat.swift */ = {isa = PBXFileReference; fileEncoding = 4; lastKnownFileType = sourcecode.swift; path = ExetensionFloat.swift; sourceTree = "<group>"; };
		70281130201BE95A00E55E1A /* ExtensionArray.swift */ = {isa = PBXFileReference; fileEncoding = 4; lastKnownFileType = sourcecode.swift; path = ExtensionArray.swift; sourceTree = "<group>"; };
		70281131201BE95A00E55E1A /* ExtensionDate.swift */ = {isa = PBXFileReference; fileEncoding = 4; lastKnownFileType = sourcecode.swift; path = ExtensionDate.swift; sourceTree = "<group>"; };
		70281132201BE95A00E55E1A /* ExtensionDictionary.swift */ = {isa = PBXFileReference; fileEncoding = 4; lastKnownFileType = sourcecode.swift; path = ExtensionDictionary.swift; sourceTree = "<group>"; };
		70281133201BE95A00E55E1A /* ExtensionDouble.swift */ = {isa = PBXFileReference; fileEncoding = 4; lastKnownFileType = sourcecode.swift; path = ExtensionDouble.swift; sourceTree = "<group>"; };
		70281134201BE95A00E55E1A /* ExtensionInt.swift */ = {isa = PBXFileReference; fileEncoding = 4; lastKnownFileType = sourcecode.swift; path = ExtensionInt.swift; sourceTree = "<group>"; };
		70281135201BE95A00E55E1A /* ExtensionNSObject.swift */ = {isa = PBXFileReference; fileEncoding = 4; lastKnownFileType = sourcecode.swift; path = ExtensionNSObject.swift; sourceTree = "<group>"; };
		70281136201BE95A00E55E1A /* ExtensionString.swift */ = {isa = PBXFileReference; fileEncoding = 4; lastKnownFileType = sourcecode.swift; path = ExtensionString.swift; sourceTree = "<group>"; };
		70281137201BE95A00E55E1A /* ExtensionUIApplication.swift */ = {isa = PBXFileReference; fileEncoding = 4; lastKnownFileType = sourcecode.swift; path = ExtensionUIApplication.swift; sourceTree = "<group>"; };
		70281138201BE95A00E55E1A /* ExtensionUIBarButtonItem.swift */ = {isa = PBXFileReference; fileEncoding = 4; lastKnownFileType = sourcecode.swift; path = ExtensionUIBarButtonItem.swift; sourceTree = "<group>"; };
		70281139201BE95A00E55E1A /* ExtensionUIButton.swift */ = {isa = PBXFileReference; fileEncoding = 4; lastKnownFileType = sourcecode.swift; path = ExtensionUIButton.swift; sourceTree = "<group>"; };
		7028113A201BE95A00E55E1A /* ExtensionUIColor.swift */ = {isa = PBXFileReference; fileEncoding = 4; lastKnownFileType = sourcecode.swift; path = ExtensionUIColor.swift; sourceTree = "<group>"; };
		7028113B201BE95A00E55E1A /* ExtensionUIImage.swift */ = {isa = PBXFileReference; fileEncoding = 4; lastKnownFileType = sourcecode.swift; path = ExtensionUIImage.swift; sourceTree = "<group>"; };
		7028113C201BE95A00E55E1A /* ExtensionUIImageView.swift */ = {isa = PBXFileReference; fileEncoding = 4; lastKnownFileType = sourcecode.swift; path = ExtensionUIImageView.swift; sourceTree = "<group>"; };
		7028113D201BE95A00E55E1A /* ExtensionUINavigationController.swift */ = {isa = PBXFileReference; fileEncoding = 4; lastKnownFileType = sourcecode.swift; path = ExtensionUINavigationController.swift; sourceTree = "<group>"; };
		7028113E201BE95A00E55E1A /* ExtensionUIResponder.swift */ = {isa = PBXFileReference; fileEncoding = 4; lastKnownFileType = sourcecode.swift; path = ExtensionUIResponder.swift; sourceTree = "<group>"; };
		7028113F201BE95A00E55E1A /* ExtensionUITextField.swift */ = {isa = PBXFileReference; fileEncoding = 4; lastKnownFileType = sourcecode.swift; path = ExtensionUITextField.swift; sourceTree = "<group>"; };
		70281140201BE95A00E55E1A /* ExtensionUITextView.swift */ = {isa = PBXFileReference; fileEncoding = 4; lastKnownFileType = sourcecode.swift; path = ExtensionUITextView.swift; sourceTree = "<group>"; };
		70281141201BE95A00E55E1A /* ExtensionUIView.swift */ = {isa = PBXFileReference; fileEncoding = 4; lastKnownFileType = sourcecode.swift; path = ExtensionUIView.swift; sourceTree = "<group>"; };
		70281142201BE95A00E55E1A /* ExtensionUIViewController.swift */ = {isa = PBXFileReference; fileEncoding = 4; lastKnownFileType = sourcecode.swift; path = ExtensionUIViewController.swift; sourceTree = "<group>"; };
		70281143201BE95A00E55E1A /* ExtensionURL.swift */ = {isa = PBXFileReference; fileEncoding = 4; lastKnownFileType = sourcecode.swift; path = ExtensionURL.swift; sourceTree = "<group>"; };
		70281144201BE95A00E55E1A /* MIKeyboardManager.swift */ = {isa = PBXFileReference; fileEncoding = 4; lastKnownFileType = sourcecode.swift; path = MIKeyboardManager.swift; sourceTree = "<group>"; };
		70281146201BE95A00E55E1A /* Localization.swift */ = {isa = PBXFileReference; fileEncoding = 4; lastKnownFileType = sourcecode.swift; path = Localization.swift; sourceTree = "<group>"; };
		70281147201BE95A00E55E1A /* MasterConstant.swift */ = {isa = PBXFileReference; fileEncoding = 4; lastKnownFileType = sourcecode.swift; path = MasterConstant.swift; sourceTree = "<group>"; };
		7028749D202A233700C325D5 /* OptionTableViewCell.swift */ = {isa = PBXFileReference; lastKnownFileType = sourcecode.swift; path = OptionTableViewCell.swift; sourceTree = "<group>"; };
		7028749E202A233700C325D5 /* OptionTableViewCell.xib */ = {isa = PBXFileReference; lastKnownFileType = file.xib; path = OptionTableViewCell.xib; sourceTree = "<group>"; };
		702D21EA20334BE3009EA434 /* TapableLabel.swift */ = {isa = PBXFileReference; lastKnownFileType = sourcecode.swift; path = TapableLabel.swift; sourceTree = "<group>"; };
		702D21EE2035EF0F009EA434 /* BubbleCollectionViewCell.swift */ = {isa = PBXFileReference; lastKnownFileType = sourcecode.swift; path = BubbleCollectionViewCell.swift; sourceTree = "<group>"; };
		702D21F22035F33B009EA434 /* CollectionViewBubbleLayout.swift */ = {isa = PBXFileReference; fileEncoding = 4; lastKnownFileType = sourcecode.swift; path = CollectionViewBubbleLayout.swift; sourceTree = "<group>"; };
		702E21E02020D70A00FDCEB9 /* TagLineTableViewCell.swift */ = {isa = PBXFileReference; lastKnownFileType = sourcecode.swift; path = TagLineTableViewCell.swift; sourceTree = "<group>"; };
		702E21E12020D70A00FDCEB9 /* TagLineTableViewCell.xib */ = {isa = PBXFileReference; lastKnownFileType = file.xib; path = TagLineTableViewCell.xib; sourceTree = "<group>"; };
		702E21E42020F2A400FDCEB9 /* BookmarkDetailsViewController.swift */ = {isa = PBXFileReference; lastKnownFileType = sourcecode.swift; path = BookmarkDetailsViewController.swift; sourceTree = "<group>"; };
		703C70752041E3C7002C9F3E /* TermsAncConditionViewController.swift */ = {isa = PBXFileReference; lastKnownFileType = sourcecode.swift; path = TermsAncConditionViewController.swift; sourceTree = "<group>"; };
		703C70772041EAC7002C9F3E /* ChangePasswordViewController.swift */ = {isa = PBXFileReference; lastKnownFileType = sourcecode.swift; path = ChangePasswordViewController.swift; sourceTree = "<group>"; };
		703C70792041F360002C9F3E /* EditProfileViewController.swift */ = {isa = PBXFileReference; lastKnownFileType = sourcecode.swift; path = EditProfileViewController.swift; sourceTree = "<group>"; };
		703EF865201CF75700FEE3D7 /* ProfileTableViewCell.swift */ = {isa = PBXFileReference; lastKnownFileType = sourcecode.swift; path = ProfileTableViewCell.swift; sourceTree = "<group>"; };
		703EF866201CF75700FEE3D7 /* ProfileTableViewCell.xib */ = {isa = PBXFileReference; lastKnownFileType = file.xib; path = ProfileTableViewCell.xib; sourceTree = "<group>"; };
		703EF869201D000F00FEE3D7 /* Montserrat-SemiBold.ttf */ = {isa = PBXFileReference; lastKnownFileType = file; path = "Montserrat-SemiBold.ttf"; sourceTree = "<group>"; };
		703EF86A201D000F00FEE3D7 /* Montserrat-Regular.ttf */ = {isa = PBXFileReference; lastKnownFileType = file; path = "Montserrat-Regular.ttf"; sourceTree = "<group>"; };
		703EF86B201D000F00FEE3D7 /* Montserrat-Bold.ttf */ = {isa = PBXFileReference; lastKnownFileType = file; path = "Montserrat-Bold.ttf"; sourceTree = "<group>"; };
		703EF86C201D000F00FEE3D7 /* Montserrat-Black.ttf */ = {isa = PBXFileReference; lastKnownFileType = file; path = "Montserrat-Black.ttf"; sourceTree = "<group>"; };
		703EF86D201D001000FEE3D7 /* Montserrat-Light.ttf */ = {isa = PBXFileReference; lastKnownFileType = file; path = "Montserrat-Light.ttf"; sourceTree = "<group>"; };
		703EF86E201D001000FEE3D7 /* Montserrat-Medium.ttf */ = {isa = PBXFileReference; lastKnownFileType = file; path = "Montserrat-Medium.ttf"; sourceTree = "<group>"; };
		703EF875201D0D4E00FEE3D7 /* AccountViewController.swift */ = {isa = PBXFileReference; lastKnownFileType = sourcecode.swift; path = AccountViewController.swift; sourceTree = "<group>"; };
		703EF87B201F747F00FEE3D7 /* SettingsViewController.swift */ = {isa = PBXFileReference; lastKnownFileType = sourcecode.swift; path = SettingsViewController.swift; sourceTree = "<group>"; };
		703EF87D201F77AB00FEE3D7 /* SettingsTableViewCell.swift */ = {isa = PBXFileReference; lastKnownFileType = sourcecode.swift; path = SettingsTableViewCell.swift; sourceTree = "<group>"; };
		703EF87E201F77AB00FEE3D7 /* SettingsTableViewCell.xib */ = {isa = PBXFileReference; lastKnownFileType = file.xib; path = SettingsTableViewCell.xib; sourceTree = "<group>"; };
		709D8EE42013F0BE00764F4E /* NewsDetailsViewController.swift */ = {isa = PBXFileReference; lastKnownFileType = sourcecode.swift; path = NewsDetailsViewController.swift; sourceTree = "<group>"; };
		709D8F252013F62000764F4E /* APIRequest.swift */ = {isa = PBXFileReference; fileEncoding = 4; lastKnownFileType = sourcecode.swift; path = APIRequest.swift; sourceTree = "<group>"; };
		709D8F262013F62000764F4E /* ApplicationConstant.swift */ = {isa = PBXFileReference; fileEncoding = 4; lastKnownFileType = sourcecode.swift; path = ApplicationConstant.swift; sourceTree = "<group>"; };
		709D8F272013F62000764F4E /* MessagesConstant.swift */ = {isa = PBXFileReference; fileEncoding = 4; lastKnownFileType = sourcecode.swift; path = MessagesConstant.swift; sourceTree = "<group>"; };
		B9A67D1A87AC4071784F3D7A /* Pods_MyApp.framework */ = {isa = PBXFileReference; explicitFileType = wrapper.framework; includeInIndex = 0; path = Pods_MyApp.framework; sourceTree = BUILT_PRODUCTS_DIR; };
		E04A0542DD75286299CA1B73 /* Pods-MyApp.debug.xcconfig */ = {isa = PBXFileReference; includeInIndex = 1; lastKnownFileType = text.xcconfig; name = "Pods-MyApp.debug.xcconfig"; path = "Pods/Target Support Files/Pods-MyApp/Pods-MyApp.debug.xcconfig"; sourceTree = "<group>"; };
/* End PBXFileReference section */

/* Begin PBXFrameworksBuildPhase section */
		7023855820124BB90070A97C /* Frameworks */ = {
			isa = PBXFrameworksBuildPhase;
			buildActionMask = 2147483647;
			files = (
				8A931788E0F1FF4C4F977DD6 /* Pods_MyApp.framework in Frameworks */,
			);
			runOnlyForDeploymentPostprocessing = 0;
		};
/* End PBXFrameworksBuildPhase section */

/* Begin PBXGroup section */
		36CBB2E3FA30E093B0ADBF61 /* Pods */ = {
			isa = PBXGroup;
			children = (
				E04A0542DD75286299CA1B73 /* Pods-MyApp.debug.xcconfig */,
				1CFA901ECF5E05998048025C /* Pods-MyApp.release.xcconfig */,
			);
			name = Pods;
			sourceTree = "<group>";
		};
		70046E692013E0EA00DBBB88 /* Classes */ = {
			isa = PBXGroup;
			children = (
				7022C268202A185B00D4EDF0 /* Custom View */,
				701DC9B0201653360020103D /* Generic */,
				701DC9AA20164F710020103D /* Cusom Cell */,
				709D8EE62013F0C500764F4E /* Super view classes */,
				70046EBD2013E7FE00DBBB88 /* Tab Bar Classes */,
				709D8EE72013F0D800764F4E /* Flow Classess */,
				7021EC3320374682003B2186 /* TabBarController */,
				70233D4F20419C4000511CFB /* LRF */,
			);
			path = Classes;
			sourceTree = "<group>";
		};
		70046EBD2013E7FE00DBBB88 /* Tab Bar Classes */ = {
			isa = PBXGroup;
			children = (
				70046EBB2013E7E500DBBB88 /* HomeViewController.swift */,
				70046EBE2013E88400DBBB88 /* SearchNewsViewController.swift */,
				70046EC02013E91B00DBBB88 /* UploadViewController.swift */,
				70046EC22013E94900DBBB88 /* TagLineViewController.swift */,
				703EF875201D0D4E00FEE3D7 /* AccountViewController.swift */,
			);
			path = "Tab Bar Classes";
			sourceTree = "<group>";
		};
		70046ED02013EBFF00DBBB88 /* Fonts */ = {
			isa = PBXGroup;
			children = (
				70046EC92013EBEB00DBBB88 /* Roboto-Bold.ttf */,
				70046EC72013EBEB00DBBB88 /* Roboto-Light.ttf */,
				70046EC82013EBEB00DBBB88 /* Roboto-Medium.ttf */,
				70046ECA2013EBEC00DBBB88 /* Roboto-Regular.ttf */,
				70046EC62013EBEB00DBBB88 /* Roboto-Thin.ttf */,
				703EF86C201D000F00FEE3D7 /* Montserrat-Black.ttf */,
				703EF86B201D000F00FEE3D7 /* Montserrat-Bold.ttf */,
				703EF86D201D001000FEE3D7 /* Montserrat-Light.ttf */,
				703EF86E201D001000FEE3D7 /* Montserrat-Medium.ttf */,
				703EF86A201D000F00FEE3D7 /* Montserrat-Regular.ttf */,
				703EF869201D000F00FEE3D7 /* Montserrat-SemiBold.ttf */,
			);
			path = Fonts;
			sourceTree = "<group>";
		};
		701DC9AA20164F710020103D /* Cusom Cell */ = {
			isa = PBXGroup;
			children = (
				701DC9AF20164F800020103D /* Table view cell */,
				702810CE201BA38B00E55E1A /* Collection view cell */,
			);
			path = "Cusom Cell";
			sourceTree = "<group>";
		};
		701DC9AF20164F800020103D /* Table view cell */ = {
			isa = PBXGroup;
			children = (
				701DC9AB20164F710020103D /* ImageNewsTableViewCell.swift */,
				701DC9AC20164F710020103D /* ImageNewsTableViewCell.xib */,
				70281117201BAD4F00E55E1A /* TextNewsTableViewCell.swift */,
				70281118201BAD4F00E55E1A /* TextNewsTableViewCell.xib */,
				703EF865201CF75700FEE3D7 /* ProfileTableViewCell.swift */,
				703EF866201CF75700FEE3D7 /* ProfileTableViewCell.xib */,
				703EF87D201F77AB00FEE3D7 /* SettingsTableViewCell.swift */,
				703EF87E201F77AB00FEE3D7 /* SettingsTableViewCell.xib */,
				702E21E02020D70A00FDCEB9 /* TagLineTableViewCell.swift */,
				702E21E12020D70A00FDCEB9 /* TagLineTableViewCell.xib */,
				7028749D202A233700C325D5 /* OptionTableViewCell.swift */,
				7028749E202A233700C325D5 /* OptionTableViewCell.xib */,
				7022CDEE203C935F00BA2810 /* SuggesstionTableViewCell.swift */,
				7021898F2045C9E0002B6426 /* NotificationSettingTableViewCell.swift */,
			);
			path = "Table view cell";
			sourceTree = "<group>";
		};
		701DC9B0201653360020103D /* Generic */ = {
			isa = PBXGroup;
			children = (
				701DC9B1201653360020103D /* GenericButton.swift */,
				701DC9B2201653360020103D /* GenericImageView.swift */,
				701DC9B3201653360020103D /* GenericLabel.swift */,
				701DC9B4201653360020103D /* GenericTextField.swift */,
				701DC9B5201653360020103D /* GenericTextView.swift */,
				701DC9B6201653360020103D /* GenericView.swift */,
				702D21EA20334BE3009EA434 /* TapableLabel.swift */,
			);
			path = Generic;
			sourceTree = "<group>";
		};
		701DC9C1201659E60020103D /* Images */ = {
			isa = PBXGroup;
			children = (
				7028111B201BB2F300E55E1A /* ajinkya-rahane_.jpg */,
				701DC9BF201659D40020103D /* ishu.jpg */,
			);
			path = Images;
			sourceTree = "<group>";
		};
		7021EC2220373A9F003B2186 /* ActiveLabel */ = {
			isa = PBXGroup;
			children = (
				7021EC2320373A9F003B2186 /* ActiveBuilder.swift */,
				7021EC2420373A9F003B2186 /* ActiveLabel.h */,
				7021EC2520373A9F003B2186 /* ActiveLabel.swift */,
				7021EC2620373A9F003B2186 /* ActiveType.swift */,
				7021EC2720373A9F003B2186 /* Info.plist */,
				7021EC2820373A9F003B2186 /* RegexParser.swift */,
				7021EC2920373A9F003B2186 /* StringTrimExtension.swift */,
			);
			path = ActiveLabel;
			sourceTree = "<group>";
		};
		7021EC3020373AB0003B2186 /* Framework library */ = {
			isa = PBXGroup;
			children = (
				702D21F22035F33B009EA434 /* CollectionViewBubbleLayout.swift */,
				7021EC2220373A9F003B2186 /* ActiveLabel */,
			);
			path = "Framework library";
			sourceTree = "<group>";
		};
		7021EC3320374682003B2186 /* TabBarController */ = {
			isa = PBXGroup;
			children = (
				7021EC3120374678003B2186 /* CustomTabBarController.swift */,
			);
			path = TabBarController;
			sourceTree = "<group>";
		};
		7022C268202A185B00D4EDF0 /* Custom View */ = {
			isa = PBXGroup;
			children = (
				7022C266202A184B00D4EDF0 /* OptionView.swift */,
				7022C264202A182800D4EDF0 /* OptionView.xib */,
				70233D492041794C00511CFB /* SignInRequiredPop.swift */,
				70233D4B2041796900511CFB /* SignInRequiredPop.xib */,
			);
			path = "Custom View";
			sourceTree = "<group>";
		};
		70233D4F20419C4000511CFB /* LRF */ = {
			isa = PBXGroup;
			children = (
				70233D4D20419C2400511CFB /* LoginViewController.swift */,
				70233D502041B14C00511CFB /* RegisterViewController.swift */,
				70233D522041E05A00511CFB /* ForgotPasswordViewController.swift */,
				703C70752041E3C7002C9F3E /* TermsAncConditionViewController.swift */,
				703C70772041EAC7002C9F3E /* ChangePasswordViewController.swift */,
				703C70792041F360002C9F3E /* EditProfileViewController.swift */,
			);
			path = LRF;
			sourceTree = "<group>";
		};
		7023855220124BB90070A97C = {
			isa = PBXGroup;
			children = (
				7023855D20124BB90070A97C /* MyApp */,
				7023855C20124BB90070A97C /* Products */,
				36CBB2E3FA30E093B0ADBF61 /* Pods */,
				D01B8C07DA663018C955BD07 /* Frameworks */,
			);
			sourceTree = "<group>";
		};
		7023855C20124BB90070A97C /* Products */ = {
			isa = PBXGroup;
			children = (
				7023855B20124BB90070A97C /* MyApp.app */,
			);
			name = Products;
			sourceTree = "<group>";
		};
		7023855D20124BB90070A97C /* MyApp */ = {
			isa = PBXGroup;
			children = (
				7023855E20124BB90070A97C /* AppDelegate.swift */,
				7023856220124BB90070A97C /* Main.storyboard */,
				7023856520124BB90070A97C /* Assets.xcassets */,
				7023856720124BB90070A97C /* LaunchScreen.storyboard */,
				7023856A20124BB90070A97C /* Info.plist */,
				701DC9C1201659E60020103D /* Images */,
				70281121201BE95A00E55E1A /* Master */,
				709D8F242013F62000764F4E /* Configuration */,
				70046E692013E0EA00DBBB88 /* Classes */,
				7021EC3020373AB0003B2186 /* Framework library */,
				70046ED02013EBFF00DBBB88 /* Fonts */,
			);
			path = MyApp;
			sourceTree = "<group>";
		};
		702810CE201BA38B00E55E1A /* Collection view cell */ = {
			isa = PBXGroup;
			children = (
				702810CA201BA38300E55E1A /* ImageCollectionViewCell.swift */,
				702810CB201BA38300E55E1A /* ImageCollectionViewCell.xib */,
				7028111D201BDD5200E55E1A /* NewsDetailsCollectionViewCell.swift */,
				70252CDA20277A4B00E6E74A /* SearchNewsCollectionViewCell.swift */,
				702D21EE2035EF0F009EA434 /* BubbleCollectionViewCell.swift */,
			);
			path = "Collection view cell";
			sourceTree = "<group>";
		};
		70281121201BE95A00E55E1A /* Master */ = {
			isa = PBXGroup;
			children = (
				70281122201BE95A00E55E1A /* AlertView:Loader */,
				70281127201BE95A00E55E1A /* AutoLayout */,
				70281129201BE95A00E55E1A /* Coredata */,
				7028112E201BE95A00E55E1A /* Extensions */,
				70281145201BE95A00E55E1A /* Localization */,
				70281147201BE95A00E55E1A /* MasterConstant.swift */,
			);
			path = Master;
			sourceTree = "<group>";
		};
		70281122201BE95A00E55E1A /* AlertView:Loader */ = {
			isa = PBXGroup;
			children = (
				70281123201BE95A00E55E1A /* MILoader.swift */,
				70281124201BE95A00E55E1A /* MIPopUpOverlay.swift */,
				70281125201BE95A00E55E1A /* MIPopUpOverlay.xib */,
				70281126201BE95A00E55E1A /* MIToastAlert.swift */,
			);
			path = "AlertView:Loader";
			sourceTree = "<group>";
		};
		70281127201BE95A00E55E1A /* AutoLayout */ = {
			isa = PBXGroup;
			children = (
				70281128201BE95A00E55E1A /* AutoLayout.swift */,
			);
			path = AutoLayout;
			sourceTree = "<group>";
		};
		70281129201BE95A00E55E1A /* Coredata */ = {
			isa = PBXGroup;
			children = (
				7028112A201BE95A00E55E1A /* CoreData.swift */,
				7028112B201BE95A00E55E1A /* CoreDataContext+Extension.swift */,
				7028112C201BE95A00E55E1A /* CoreDataObject+Extension.swift */,
				7028112D201BE95A00E55E1A /* FetchResultController+Extension.swift */,
			);
			path = Coredata;
			sourceTree = "<group>";
		};
		7028112E201BE95A00E55E1A /* Extensions */ = {
			isa = PBXGroup;
			children = (
				7028112F201BE95A00E55E1A /* ExetensionFloat.swift */,
				70281130201BE95A00E55E1A /* ExtensionArray.swift */,
				70281131201BE95A00E55E1A /* ExtensionDate.swift */,
				70281132201BE95A00E55E1A /* ExtensionDictionary.swift */,
				70281133201BE95A00E55E1A /* ExtensionDouble.swift */,
				70281134201BE95A00E55E1A /* ExtensionInt.swift */,
				70281135201BE95A00E55E1A /* ExtensionNSObject.swift */,
				70281136201BE95A00E55E1A /* ExtensionString.swift */,
				70281137201BE95A00E55E1A /* ExtensionUIApplication.swift */,
				70281138201BE95A00E55E1A /* ExtensionUIBarButtonItem.swift */,
				70281139201BE95A00E55E1A /* ExtensionUIButton.swift */,
				7028113A201BE95A00E55E1A /* ExtensionUIColor.swift */,
				7028113B201BE95A00E55E1A /* ExtensionUIImage.swift */,
				7028113C201BE95A00E55E1A /* ExtensionUIImageView.swift */,
				7028113D201BE95A00E55E1A /* ExtensionUINavigationController.swift */,
				7028113E201BE95A00E55E1A /* ExtensionUIResponder.swift */,
				7028113F201BE95A00E55E1A /* ExtensionUITextField.swift */,
				70281140201BE95A00E55E1A /* ExtensionUITextView.swift */,
				70281141201BE95A00E55E1A /* ExtensionUIView.swift */,
				70281142201BE95A00E55E1A /* ExtensionUIViewController.swift */,
				70281143201BE95A00E55E1A /* ExtensionURL.swift */,
				70281144201BE95A00E55E1A /* MIKeyboardManager.swift */,
			);
			path = Extensions;
			sourceTree = "<group>";
		};
		70281145201BE95A00E55E1A /* Localization */ = {
			isa = PBXGroup;
			children = (
				70281146201BE95A00E55E1A /* Localization.swift */,
			);
			path = Localization;
			sourceTree = "<group>";
		};
		709D8EE62013F0C500764F4E /* Super view classes */ = {
			isa = PBXGroup;
			children = (
				70046E672013E0DF00DBBB88 /* SuperViewController.swift */,
			);
			path = "Super view classes";
			sourceTree = "<group>";
		};
		709D8EE72013F0D800764F4E /* Flow Classess */ = {
			isa = PBXGroup;
			children = (
				709D8EE42013F0BE00764F4E /* NewsDetailsViewController.swift */,
				703EF87B201F747F00FEE3D7 /* SettingsViewController.swift */,
				702E21E42020F2A400FDCEB9 /* BookmarkDetailsViewController.swift */,
				70233D4320411E0F00511CFB /* CropImageViewController.swift */,
				70233D45204133D700511CFB /* BookmarkListViewController.swift */,
				70233D47204149AE00511CFB /* LikedNewsViewController.swift */,
				7021898D2045C526002B6426 /* NotificationSettingViewController.swift */,
				70219475204716C800CACF55 /* CommentViewController.swift */,
			);
			path = "Flow Classess";
			sourceTree = "<group>";
		};
		709D8F242013F62000764F4E /* Configuration */ = {
			isa = PBXGroup;
			children = (
				709D8F252013F62000764F4E /* APIRequest.swift */,
				709D8F262013F62000764F4E /* ApplicationConstant.swift */,
				709D8F272013F62000764F4E /* MessagesConstant.swift */,
			);
			path = Configuration;
			sourceTree = "<group>";
		};
		D01B8C07DA663018C955BD07 /* Frameworks */ = {
			isa = PBXGroup;
			children = (
				B9A67D1A87AC4071784F3D7A /* Pods_MyApp.framework */,
			);
			name = Frameworks;
			sourceTree = "<group>";
		};
/* End PBXGroup section */

/* Begin PBXNativeTarget section */
		7023855A20124BB90070A97C /* MyApp */ = {
			isa = PBXNativeTarget;
			buildConfigurationList = 7023856D20124BB90070A97C /* Build configuration list for PBXNativeTarget "MyApp" */;
			buildPhases = (
				70E965DE6C2FC84CF4F3EA17 /* [CP] Check Pods Manifest.lock */,
				7023855720124BB90070A97C /* Sources */,
				7023855820124BB90070A97C /* Frameworks */,
				7023855920124BB90070A97C /* Resources */,
				17103D780BC5F0D84384C5F2 /* [CP] Embed Pods Frameworks */,
				46F95BD42FC1A8BCC6E7117D /* [CP] Copy Pods Resources */,
			);
			buildRules = (
			);
			dependencies = (
			);
			name = MyApp;
			productName = MyApp;
			productReference = 7023855B20124BB90070A97C /* MyApp.app */;
			productType = "com.apple.product-type.application";
		};
/* End PBXNativeTarget section */

/* Begin PBXProject section */
		7023855320124BB90070A97C /* Project object */ = {
			isa = PBXProject;
			attributes = {
				LastSwiftUpdateCheck = 0920;
				LastUpgradeCheck = 0920;
				ORGANIZATIONNAME = MyApp;
				TargetAttributes = {
					7023855A20124BB90070A97C = {
						CreatedOnToolsVersion = 9.2;
						ProvisioningStyle = Manual;
					};
				};
			};
			buildConfigurationList = 7023855620124BB90070A97C /* Build configuration list for PBXProject "MyApp" */;
			compatibilityVersion = "Xcode 8.0";
			developmentRegion = en;
			hasScannedForEncodings = 0;
			knownRegions = (
				en,
				Base,
			);
			mainGroup = 7023855220124BB90070A97C;
			productRefGroup = 7023855C20124BB90070A97C /* Products */;
			projectDirPath = "";
			projectRoot = "";
			targets = (
				7023855A20124BB90070A97C /* MyApp */,
			);
		};
/* End PBXProject section */

/* Begin PBXResourcesBuildPhase section */
		7023855920124BB90070A97C /* Resources */ = {
			isa = PBXResourcesBuildPhase;
			buildActionMask = 2147483647;
			files = (
				70233D4C2041796900511CFB /* SignInRequiredPop.xib in Resources */,
				703EF873201D001000FEE3D7 /* Montserrat-Light.ttf in Resources */,
				7023856920124BB90070A97C /* LaunchScreen.storyboard in Resources */,
				7023856620124BB90070A97C /* Assets.xcassets in Resources */,
				7022C265202A182800D4EDF0 /* OptionView.xib in Resources */,
				703EF870201D001000FEE3D7 /* Montserrat-Regular.ttf in Resources */,
				702E21E32020D70A00FDCEB9 /* TagLineTableViewCell.xib in Resources */,
				7028111C201BB2F300E55E1A /* ajinkya-rahane_.jpg in Resources */,
				701DC9AE20164F720020103D /* ImageNewsTableViewCell.xib in Resources */,
				70046ECC2013EBEC00DBBB88 /* Roboto-Light.ttf in Resources */,
				7028114A201BE95B00E55E1A /* MIPopUpOverlay.xib in Resources */,
				70046ECD2013EBEC00DBBB88 /* Roboto-Medium.ttf in Resources */,
				7023856420124BB90070A97C /* Main.storyboard in Resources */,
				703EF874201D001000FEE3D7 /* Montserrat-Medium.ttf in Resources */,
				70046ECB2013EBEC00DBBB88 /* Roboto-Thin.ttf in Resources */,
				70046ECF2013EBEC00DBBB88 /* Roboto-Regular.ttf in Resources */,
				703EF880201F77AB00FEE3D7 /* SettingsTableViewCell.xib in Resources */,
				70046ECE2013EBEC00DBBB88 /* Roboto-Bold.ttf in Resources */,
				703EF872201D001000FEE3D7 /* Montserrat-Black.ttf in Resources */,
				702810CD201BA38300E55E1A /* ImageCollectionViewCell.xib in Resources */,
				7021EC2D20373A9F003B2186 /* Info.plist in Resources */,
				701DC9C0201659D40020103D /* ishu.jpg in Resources */,
				703EF871201D001000FEE3D7 /* Montserrat-Bold.ttf in Resources */,
				7028111A201BAD4F00E55E1A /* TextNewsTableViewCell.xib in Resources */,
				703EF86F201D001000FEE3D7 /* Montserrat-SemiBold.ttf in Resources */,
				702874A0202A233700C325D5 /* OptionTableViewCell.xib in Resources */,
				703EF868201CF75700FEE3D7 /* ProfileTableViewCell.xib in Resources */,
			);
			runOnlyForDeploymentPostprocessing = 0;
		};
/* End PBXResourcesBuildPhase section */

/* Begin PBXShellScriptBuildPhase section */
		17103D780BC5F0D84384C5F2 /* [CP] Embed Pods Frameworks */ = {
			isa = PBXShellScriptBuildPhase;
			buildActionMask = 2147483647;
			files = (
			);
			inputPaths = (
				"${SRCROOT}/Pods/Target Support Files/Pods-MyApp/Pods-MyApp-frameworks.sh",
				"${BUILT_PRODUCTS_DIR}/Alamofire/Alamofire.framework",
				"${BUILT_PRODUCTS_DIR}/IQKeyboardManagerSwift/IQKeyboardManagerSwift.framework",
				"${BUILT_PRODUCTS_DIR}/SDWebImage/SDWebImage.framework",
				"${BUILT_PRODUCTS_DIR}/UIActivityIndicator-for-SDWebImage/UIActivityIndicator_for_SDWebImage.framework",
			);
			name = "[CP] Embed Pods Frameworks";
			outputPaths = (
				"${TARGET_BUILD_DIR}/${FRAMEWORKS_FOLDER_PATH}/Alamofire.framework",
				"${TARGET_BUILD_DIR}/${FRAMEWORKS_FOLDER_PATH}/IQKeyboardManagerSwift.framework",
				"${TARGET_BUILD_DIR}/${FRAMEWORKS_FOLDER_PATH}/SDWebImage.framework",
				"${TARGET_BUILD_DIR}/${FRAMEWORKS_FOLDER_PATH}/UIActivityIndicator_for_SDWebImage.framework",
			);
			runOnlyForDeploymentPostprocessing = 0;
			shellPath = /bin/sh;
			shellScript = "\"${SRCROOT}/Pods/Target Support Files/Pods-MyApp/Pods-MyApp-frameworks.sh\"\n";
			showEnvVarsInLog = 0;
		};
		46F95BD42FC1A8BCC6E7117D /* [CP] Copy Pods Resources */ = {
			isa = PBXShellScriptBuildPhase;
			buildActionMask = 2147483647;
			files = (
			);
			inputPaths = (
			);
			name = "[CP] Copy Pods Resources";
			outputPaths = (
			);
			runOnlyForDeploymentPostprocessing = 0;
			shellPath = /bin/sh;
			shellScript = "\"${SRCROOT}/Pods/Target Support Files/Pods-MyApp/Pods-MyApp-resources.sh\"\n";
			showEnvVarsInLog = 0;
		};
		70E965DE6C2FC84CF4F3EA17 /* [CP] Check Pods Manifest.lock */ = {
			isa = PBXShellScriptBuildPhase;
			buildActionMask = 2147483647;
			files = (
			);
			inputPaths = (
				"${PODS_PODFILE_DIR_PATH}/Podfile.lock",
				"${PODS_ROOT}/Manifest.lock",
			);
			name = "[CP] Check Pods Manifest.lock";
			outputPaths = (
				"$(DERIVED_FILE_DIR)/Pods-MyApp-checkManifestLockResult.txt",
			);
			runOnlyForDeploymentPostprocessing = 0;
			shellPath = /bin/sh;
			shellScript = "diff \"${PODS_PODFILE_DIR_PATH}/Podfile.lock\" \"${PODS_ROOT}/Manifest.lock\" > /dev/null\nif [ $? != 0 ] ; then\n    # print error to STDERR\n    echo \"error: The sandbox is not in sync with the Podfile.lock. Run 'pod install' or update your CocoaPods installation.\" >&2\n    exit 1\nfi\n# This output is used by Xcode 'outputs' to avoid re-running this script phase.\necho \"SUCCESS\" > \"${SCRIPT_OUTPUT_FILE_0}\"\n";
			showEnvVarsInLog = 0;
		};
/* End PBXShellScriptBuildPhase section */

/* Begin PBXSourcesBuildPhase section */
		7023855720124BB90070A97C /* Sources */ = {
			isa = PBXSourcesBuildPhase;
			buildActionMask = 2147483647;
			files = (
				702D21EB20334BE3009EA434 /* TapableLabel.swift in Sources */,
				70281148201BE95B00E55E1A /* MILoader.swift in Sources */,
				7028115B201BE95B00E55E1A /* ExtensionUIButton.swift in Sources */,
				7028114E201BE95B00E55E1A /* CoreDataContext+Extension.swift in Sources */,
				70233D4E20419C2400511CFB /* LoginViewController.swift in Sources */,
				703EF867201CF75700FEE3D7 /* ProfileTableViewCell.swift in Sources */,
				701DC9BD201653360020103D /* GenericView.swift in Sources */,
				703EF87F201F77AB00FEE3D7 /* SettingsTableViewCell.swift in Sources */,
				703EF87C201F747F00FEE3D7 /* SettingsViewController.swift in Sources */,
				7028115A201BE95B00E55E1A /* ExtensionUIBarButtonItem.swift in Sources */,
				7028114F201BE95B00E55E1A /* CoreDataObject+Extension.swift in Sources */,
				70281168201BE95B00E55E1A /* MasterConstant.swift in Sources */,
				7021898E2045C526002B6426 /* NotificationSettingViewController.swift in Sources */,
				70281163201BE95B00E55E1A /* ExtensionUIView.swift in Sources */,
				702E21E22020D70A00FDCEB9 /* TagLineTableViewCell.swift in Sources */,
				7028749F202A233700C325D5 /* OptionTableViewCell.swift in Sources */,
				70281160201BE95B00E55E1A /* ExtensionUIResponder.swift in Sources */,
				70046E682013E0DF00DBBB88 /* SuperViewController.swift in Sources */,
				702810CC201BA38300E55E1A /* ImageCollectionViewCell.swift in Sources */,
				7028111F201BDD5200E55E1A /* NewsDetailsCollectionViewCell.swift in Sources */,
				7021EC2A20373A9F003B2186 /* ActiveBuilder.swift in Sources */,
				70281119201BAD4F00E55E1A /* TextNewsTableViewCell.swift in Sources */,
				702D21F02035EF0F009EA434 /* BubbleCollectionViewCell.swift in Sources */,
				709D8F282013F62000764F4E /* APIRequest.swift in Sources */,
				70233D512041B14C00511CFB /* RegisterViewController.swift in Sources */,
				70233D4420411E0F00511CFB /* CropImageViewController.swift in Sources */,
				7021EC3220374678003B2186 /* CustomTabBarController.swift in Sources */,
				70281153201BE95B00E55E1A /* ExtensionDate.swift in Sources */,
				70281152201BE95B00E55E1A /* ExtensionArray.swift in Sources */,
				70281150201BE95B00E55E1A /* FetchResultController+Extension.swift in Sources */,
				702D21F32035F33B009EA434 /* CollectionViewBubbleLayout.swift in Sources */,
				70281151201BE95B00E55E1A /* ExetensionFloat.swift in Sources */,
				7028115D201BE95B00E55E1A /* ExtensionUIImage.swift in Sources */,
				70281167201BE95B00E55E1A /* Localization.swift in Sources */,
				703EF876201D0D4E00FEE3D7 /* AccountViewController.swift in Sources */,
				7021EC2F20373A9F003B2186 /* StringTrimExtension.swift in Sources */,
				70281162201BE95B00E55E1A /* ExtensionUITextView.swift in Sources */,
				703C70762041E3C7002C9F3E /* TermsAncConditionViewController.swift in Sources */,
				70281165201BE95B00E55E1A /* ExtensionURL.swift in Sources */,
				701DC9B9201653360020103D /* GenericImageView.swift in Sources */,
				70281158201BE95B00E55E1A /* ExtensionString.swift in Sources */,
				70281154201BE95B00E55E1A /* ExtensionDictionary.swift in Sources */,
				702189902045C9E0002B6426 /* NotificationSettingTableViewCell.swift in Sources */,
				70281157201BE95B00E55E1A /* ExtensionNSObject.swift in Sources */,
				70233D4A2041794C00511CFB /* SignInRequiredPop.swift in Sources */,
				7028115E201BE95B00E55E1A /* ExtensionUIImageView.swift in Sources */,
				70046EBC2013E7E500DBBB88 /* HomeViewController.swift in Sources */,
				709D8EE52013F0BE00764F4E /* NewsDetailsViewController.swift in Sources */,
				7028115F201BE95B00E55E1A /* ExtensionUINavigationController.swift in Sources */,
				701DC9BB201653360020103D /* GenericTextField.swift in Sources */,
				709D8F2A2013F62000764F4E /* MessagesConstant.swift in Sources */,
				70046EC32013E94900DBBB88 /* TagLineViewController.swift in Sources */,
				70281159201BE95B00E55E1A /* ExtensionUIApplication.swift in Sources */,
				7021EC2E20373A9F003B2186 /* RegexParser.swift in Sources */,
				702E21E52020F2A400FDCEB9 /* BookmarkDetailsViewController.swift in Sources */,
				7028114C201BE95B00E55E1A /* AutoLayout.swift in Sources */,
				70219476204716C800CACF55 /* CommentViewController.swift in Sources */,
				70252CDB20277A4B00E6E74A /* SearchNewsCollectionViewCell.swift in Sources */,
				7028114D201BE95B00E55E1A /* CoreData.swift in Sources */,
				7022C267202A184B00D4EDF0 /* OptionView.swift in Sources */,
				70233D48204149AE00511CFB /* LikedNewsViewController.swift in Sources */,
				70233D46204133D700511CFB /* BookmarkListViewController.swift in Sources */,
				70281164201BE95B00E55E1A /* ExtensionUIViewController.swift in Sources */,
				70046EC12013E91B00DBBB88 /* UploadViewController.swift in Sources */,
				701DC9BC201653360020103D /* GenericTextView.swift in Sources */,
				701DC9B8201653360020103D /* GenericButton.swift in Sources */,
				70233D532041E05A00511CFB /* ForgotPasswordViewController.swift in Sources */,
				70281166201BE95B00E55E1A /* MIKeyboardManager.swift in Sources */,
				70281155201BE95B00E55E1A /* ExtensionDouble.swift in Sources */,
				70046EBF2013E88400DBBB88 /* SearchNewsViewController.swift in Sources */,
				70281156201BE95B00E55E1A /* ExtensionInt.swift in Sources */,
				7023855F20124BB90070A97C /* AppDelegate.swift in Sources */,
				701DC9BA201653360020103D /* GenericLabel.swift in Sources */,
				70281149201BE95B00E55E1A /* MIPopUpOverlay.swift in Sources */,
				7021EC2B20373A9F003B2186 /* ActiveLabel.swift in Sources */,
				7021EC2C20373A9F003B2186 /* ActiveType.swift in Sources */,
				703C70782041EAC7002C9F3E /* ChangePasswordViewController.swift in Sources */,
				7028115C201BE95B00E55E1A /* ExtensionUIColor.swift in Sources */,
				709D8F292013F62000764F4E /* ApplicationConstant.swift in Sources */,
				7022CDEF203C935F00BA2810 /* SuggesstionTableViewCell.swift in Sources */,
				7028114B201BE95B00E55E1A /* MIToastAlert.swift in Sources */,
				701DC9AD20164F720020103D /* ImageNewsTableViewCell.swift in Sources */,
				70281161201BE95B00E55E1A /* ExtensionUITextField.swift in Sources */,
				703C707A2041F360002C9F3E /* EditProfileViewController.swift in Sources */,
			);
			runOnlyForDeploymentPostprocessing = 0;
		};
/* End PBXSourcesBuildPhase section */

/* Begin PBXVariantGroup section */
		7023856220124BB90070A97C /* Main.storyboard */ = {
			isa = PBXVariantGroup;
			children = (
				7023856320124BB90070A97C /* Base */,
			);
			name = Main.storyboard;
			sourceTree = "<group>";
		};
		7023856720124BB90070A97C /* LaunchScreen.storyboard */ = {
			isa = PBXVariantGroup;
			children = (
				7023856820124BB90070A97C /* Base */,
			);
			name = LaunchScreen.storyboard;
			sourceTree = "<group>";
		};
/* End PBXVariantGroup section */

/* Begin XCBuildConfiguration section */
		7023856B20124BB90070A97C /* Debug */ = {
			isa = XCBuildConfiguration;
			buildSettings = {
				ALWAYS_SEARCH_USER_PATHS = NO;
				CLANG_ANALYZER_NONNULL = YES;
				CLANG_ANALYZER_NUMBER_OBJECT_CONVERSION = YES_AGGRESSIVE;
				CLANG_CXX_LANGUAGE_STANDARD = "gnu++14";
				CLANG_CXX_LIBRARY = "libc++";
				CLANG_ENABLE_MODULES = YES;
				CLANG_ENABLE_OBJC_ARC = YES;
				CLANG_WARN_BLOCK_CAPTURE_AUTORELEASING = YES;
				CLANG_WARN_BOOL_CONVERSION = YES;
				CLANG_WARN_COMMA = YES;
				CLANG_WARN_CONSTANT_CONVERSION = YES;
				CLANG_WARN_DIRECT_OBJC_ISA_USAGE = YES_ERROR;
				CLANG_WARN_DOCUMENTATION_COMMENTS = YES;
				CLANG_WARN_EMPTY_BODY = YES;
				CLANG_WARN_ENUM_CONVERSION = YES;
				CLANG_WARN_INFINITE_RECURSION = YES;
				CLANG_WARN_INT_CONVERSION = YES;
				CLANG_WARN_NON_LITERAL_NULL_CONVERSION = YES;
				CLANG_WARN_OBJC_LITERAL_CONVERSION = YES;
				CLANG_WARN_OBJC_ROOT_CLASS = YES_ERROR;
				CLANG_WARN_RANGE_LOOP_ANALYSIS = YES;
				CLANG_WARN_STRICT_PROTOTYPES = YES;
				CLANG_WARN_SUSPICIOUS_MOVE = YES;
				CLANG_WARN_UNGUARDED_AVAILABILITY = YES_AGGRESSIVE;
				CLANG_WARN_UNREACHABLE_CODE = YES;
				CLANG_WARN__DUPLICATE_METHOD_MATCH = YES;
				CODE_SIGN_IDENTITY = "iPhone Developer";
				COPY_PHASE_STRIP = NO;
				DEBUG_INFORMATION_FORMAT = dwarf;
				ENABLE_STRICT_OBJC_MSGSEND = YES;
				ENABLE_TESTABILITY = YES;
				GCC_C_LANGUAGE_STANDARD = gnu11;
				GCC_DYNAMIC_NO_PIC = NO;
				GCC_NO_COMMON_BLOCKS = YES;
				GCC_OPTIMIZATION_LEVEL = 0;
				GCC_PREPROCESSOR_DEFINITIONS = (
					"DEBUG=1",
					"$(inherited)",
				);
				GCC_WARN_64_TO_32_BIT_CONVERSION = YES;
				GCC_WARN_ABOUT_RETURN_TYPE = YES_ERROR;
				GCC_WARN_UNDECLARED_SELECTOR = YES;
				GCC_WARN_UNINITIALIZED_AUTOS = YES_AGGRESSIVE;
				GCC_WARN_UNUSED_FUNCTION = YES;
				GCC_WARN_UNUSED_VARIABLE = YES;
				IPHONEOS_DEPLOYMENT_TARGET = 11.2;
				MTL_ENABLE_DEBUG_INFO = YES;
				ONLY_ACTIVE_ARCH = YES;
				SDKROOT = iphoneos;
				SWIFT_ACTIVE_COMPILATION_CONDITIONS = DEBUG;
				SWIFT_OPTIMIZATION_LEVEL = "-Onone";
			};
			name = Debug;
		};
		7023856C20124BB90070A97C /* Release */ = {
			isa = XCBuildConfiguration;
			buildSettings = {
				ALWAYS_SEARCH_USER_PATHS = NO;
				CLANG_ANALYZER_NONNULL = YES;
				CLANG_ANALYZER_NUMBER_OBJECT_CONVERSION = YES_AGGRESSIVE;
				CLANG_CXX_LANGUAGE_STANDARD = "gnu++14";
				CLANG_CXX_LIBRARY = "libc++";
				CLANG_ENABLE_MODULES = YES;
				CLANG_ENABLE_OBJC_ARC = YES;
				CLANG_WARN_BLOCK_CAPTURE_AUTORELEASING = YES;
				CLANG_WARN_BOOL_CONVERSION = YES;
				CLANG_WARN_COMMA = YES;
				CLANG_WARN_CONSTANT_CONVERSION = YES;
				CLANG_WARN_DIRECT_OBJC_ISA_USAGE = YES_ERROR;
				CLANG_WARN_DOCUMENTATION_COMMENTS = YES;
				CLANG_WARN_EMPTY_BODY = YES;
				CLANG_WARN_ENUM_CONVERSION = YES;
				CLANG_WARN_INFINITE_RECURSION = YES;
				CLANG_WARN_INT_CONVERSION = YES;
				CLANG_WARN_NON_LITERAL_NULL_CONVERSION = YES;
				CLANG_WARN_OBJC_LITERAL_CONVERSION = YES;
				CLANG_WARN_OBJC_ROOT_CLASS = YES_ERROR;
				CLANG_WARN_RANGE_LOOP_ANALYSIS = YES;
				CLANG_WARN_STRICT_PROTOTYPES = YES;
				CLANG_WARN_SUSPICIOUS_MOVE = YES;
				CLANG_WARN_UNGUARDED_AVAILABILITY = YES_AGGRESSIVE;
				CLANG_WARN_UNREACHABLE_CODE = YES;
				CLANG_WARN__DUPLICATE_METHOD_MATCH = YES;
				CODE_SIGN_IDENTITY = "iPhone Developer";
				COPY_PHASE_STRIP = NO;
				DEBUG_INFORMATION_FORMAT = "dwarf-with-dsym";
				ENABLE_NS_ASSERTIONS = NO;
				ENABLE_STRICT_OBJC_MSGSEND = YES;
				GCC_C_LANGUAGE_STANDARD = gnu11;
				GCC_NO_COMMON_BLOCKS = YES;
				GCC_WARN_64_TO_32_BIT_CONVERSION = YES;
				GCC_WARN_ABOUT_RETURN_TYPE = YES_ERROR;
				GCC_WARN_UNDECLARED_SELECTOR = YES;
				GCC_WARN_UNINITIALIZED_AUTOS = YES_AGGRESSIVE;
				GCC_WARN_UNUSED_FUNCTION = YES;
				GCC_WARN_UNUSED_VARIABLE = YES;
				IPHONEOS_DEPLOYMENT_TARGET = 11.2;
				MTL_ENABLE_DEBUG_INFO = NO;
				SDKROOT = iphoneos;
				SWIFT_OPTIMIZATION_LEVEL = "-Owholemodule";
				VALIDATE_PRODUCT = YES;
			};
			name = Release;
		};
		7023856E20124BB90070A97C /* Debug */ = {
			isa = XCBuildConfiguration;
			baseConfigurationReference = E04A0542DD75286299CA1B73 /* Pods-MyApp.debug.xcconfig */;
			buildSettings = {
				ASSETCATALOG_COMPILER_APPICON_NAME = AppIcon;
				CODE_SIGN_STYLE = Manual;
				DEVELOPMENT_TEAM = "";
				INFOPLIST_FILE = MyApp/Info.plist;
				IPHONEOS_DEPLOYMENT_TARGET = 10.0;
				LD_RUNPATH_SEARCH_PATHS = "$(inherited) @executable_path/Frameworks";
				PRODUCT_BUNDLE_IDENTIFIER = com.myapp;
				PRODUCT_NAME = "$(TARGET_NAME)";
				PROVISIONING_PROFILE_SPECIFIER = "";
				SWIFT_VERSION = 4.0;
				TARGETED_DEVICE_FAMILY = 1;
			};
			name = Debug;
		};
		7023856F20124BB90070A97C /* Release */ = {
			isa = XCBuildConfiguration;
			baseConfigurationReference = 1CFA901ECF5E05998048025C /* Pods-MyApp.release.xcconfig */;
			buildSettings = {
				ASSETCATALOG_COMPILER_APPICON_NAME = AppIcon;
				CODE_SIGN_STYLE = Manual;
				DEVELOPMENT_TEAM = "";
				INFOPLIST_FILE = MyApp/Info.plist;
				IPHONEOS_DEPLOYMENT_TARGET = 10.0;
				LD_RUNPATH_SEARCH_PATHS = "$(inherited) @executable_path/Frameworks";
				PRODUCT_BUNDLE_IDENTIFIER = com.myapp;
				PRODUCT_NAME = "$(TARGET_NAME)";
				PROVISIONING_PROFILE_SPECIFIER = "";
				SWIFT_VERSION = 4.0;
				TARGETED_DEVICE_FAMILY = 1;
			};
			name = Release;
		};
/* End XCBuildConfiguration section */

/* Begin XCConfigurationList section */
		7023855620124BB90070A97C /* Build configuration list for PBXProject "MyApp" */ = {
			isa = XCConfigurationList;
			buildConfigurations = (
				7023856B20124BB90070A97C /* Debug */,
				7023856C20124BB90070A97C /* Release */,
			);
			defaultConfigurationIsVisible = 0;
			defaultConfigurationName = Release;
		};
		7023856D20124BB90070A97C /* Build configuration list for PBXNativeTarget "MyApp" */ = {
			isa = XCConfigurationList;
			buildConfigurations = (
				7023856E20124BB90070A97C /* Debug */,
				7023856F20124BB90070A97C /* Release */,
			);
			defaultConfigurationIsVisible = 0;
			defaultConfigurationName = Release;
		};
/* End XCConfigurationList section */
	};
	rootObject = 7023855320124BB90070A97C /* Project object */;
}
